<?xml version="1.0" encoding="utf-8"?>
<Project ToolsVersion="4.0" xmlns="http://schemas.microsoft.com/developer/msbuild/2003">
  <ItemGroup>
    <Filter Include="Source Files">
      <UniqueIdentifier>{4FC737F1-C7A5-4376-A066-2A32D752A2FF}</UniqueIdentifier>
      <Extensions>cpp;c;cc;cxx;def;odl;idl;hpj;bat;asm;asmx</Extensions>
    </Filter>
    <Filter Include="Header Files">
      <UniqueIdentifier>{93995380-89BD-4b04-88EB-625FBE52EBFB}</UniqueIdentifier>
      <Extensions>h;hh;hpp;hxx;hm;inl;inc;xsd</Extensions>
    </Filter>
    <Filter Include="Resource Files">
      <UniqueIdentifier>{67DA6AB6-F800-4c08-8B7A-83BB121AAD01}</UniqueIdentifier>
      <Extensions>rc;ico;cur;bmp;dlg;rc2;rct;bin;rgs;gif;jpg;jpeg;jpe;resx;tiff;tif;png;wav;mfcribbon-ms</Extensions>
    </Filter>
    <Filter Include="models">
      <UniqueIdentifier>{43c512c4-6656-45de-b667-b1f2b52e10dc}</UniqueIdentifier>
    </Filter>
  </ItemGroup>
  <ItemGroup>
    <ClCompile Include="Main.cpp">
      <Filter>Source Files</Filter>
    </ClCompile>
    <ClCompile Include="server_ws.cpp">
      <Filter>Source Files</Filter>
    </ClCompile>
    <ClCompile Include="SocketManager.cpp">
      <Filter>Source Files</Filter>
    </ClCompile>
    <ClCompile Include="DisplayWindow.cpp">
      <Filter>Source Files</Filter>
    </ClCompile>
    <ClCompile Include="Rotator.cpp">
      <Filter>Source Files</Filter>
    </ClCompile>
    <ClCompile Include="ShaderProgram.cpp">
      <Filter>Source Files</Filter>
    </ClCompile>
    <ClCompile Include="Plane.cpp">
      <Filter>Source Files</Filter>
    </ClCompile>
    <ClCompile Include="Sphere.cpp">
      <Filter>Source Files</Filter>
    </ClCompile>
    <ClCompile Include="CustomMesh.cpp">
      <Filter>Source Files</Filter>
    </ClCompile>
    <ClCompile Include="DataPackage.cpp">
      <Filter>Source Files</Filter>
    </ClCompile>
    <ClCompile Include="Framebuffer.cpp">
      <Filter>Source Files</Filter>
    </ClCompile>
    <ClCompile Include="Quad.cpp">
      <Filter>Source Files</Filter>
    </ClCompile>
    <ClCompile Include="Texture.cpp">
      <Filter>Source Files</Filter>
    </ClCompile>
  </ItemGroup>
  <ItemGroup>
    <ClInclude Include="crypto.hpp">
      <Filter>Header Files</Filter>
    </ClInclude>
    <ClInclude Include="server_ws.hpp">
      <Filter>Header Files</Filter>
    </ClInclude>
    <ClInclude Include="SocketManager.h">
      <Filter>Header Files</Filter>
    </ClInclude>
    <ClInclude Include="DisplayWindow.h">
      <Filter>Header Files</Filter>
    </ClInclude>
    <ClInclude Include="Rotator.h">
      <Filter>Header Files</Filter>
    </ClInclude>
    <ClInclude Include="ShaderProgram.h">
      <Filter>Header Files</Filter>
    </ClInclude>
    <ClInclude Include="Plane.h">
      <Filter>Header Files</Filter>
    </ClInclude>
    <ClInclude Include="Sphere.h">
      <Filter>Header Files</Filter>
    </ClInclude>
    <ClInclude Include="CustomMesh.h">
      <Filter>Header Files</Filter>
    </ClInclude>
    <ClInclude Include="DataPackage.h">
      <Filter>Header Files</Filter>
    </ClInclude>
    <ClInclude Include="Framebuffer.h">
      <Filter>Header Files</Filter>
    </ClInclude>
    <ClInclude Include="Quad.h">
      <Filter>Header Files</Filter>
    </ClInclude>
    <ClInclude Include="Texture.h">
      <Filter>Header Files</Filter>
    </ClInclude>
  </ItemGroup>
  <ItemGroup>
    <None Include="shaders\standard.frag">
      <Filter>Resource Files</Filter>
    </None>
    <None Include="shaders\standard.vert">
      <Filter>Resource Files</Filter>
    </None>
    <None Include="shaders\custom.frag">
      <Filter>Resource Files</Filter>
    </None>
    <None Include="shaders\custom.vert">
      <Filter>Resource Files</Filter>
    </None>
    <None Include="shaders\uv.frag">
      <Filter>Resource Files</Filter>
    </None>
    <None Include="shaders\uv.vert">
      <Filter>Resource Files</Filter>
    </None>
    <None Include="shaders\paint.frag">
      <Filter>Resource Files</Filter>
    </None>
    <None Include="shaders\paint.vert">
      <Filter>Resource Files</Filter>
    </None>
    <None Include="shaders\save.frag">
      <Filter>Resource Files</Filter>
    </None>
    <None Include="shaders\save.vert">
      <Filter>Resource Files</Filter>
    </None>
    <None Include="models\bunny.m">
      <Filter>models</Filter>
    </None>
    <None Include="models\bunnyuv.m">
      <Filter>models</Filter>
    </None>
    <None Include="models\eightuv.m">
      <Filter>models</Filter>
    </None>
    <None Include="models\gargoyle.m">
      <Filter>models</Filter>
    </None>
    <None Include="models\susanuv.m">
      <Filter>models</Filter>
    </None>
    <None Include="shaders\show.frag">
      <Filter>Resource Files</Filter>
    </None>
    <None Include="shaders\show.vert">
      <Filter>Resource Files</Filter>
    </None>
  </ItemGroup>
</Project>